
Microsoft Visual Studio Solution File, Format Version 12.00
# Visual Studio 15
VisualStudioVersion = 15.0.27130.0
MinimumVisualStudioVersion = 10.0.40219.1
Project("{FAE04EC0-301F-11D3-BF4B-00C04F79EFBC}") = "BongoCodingTestNet", "BongoCodingTestNet\BongoCodingTestNet.csproj", "{ACC755B9-DBCA-4EB2-8CC2-06BFA5F0FFA5}"
EndProject
Project("{FAE04EC0-301F-11D3-BF4B-00C04F79EFBC}") = "TestBongoCodingTestNet", "TestBongoCodingTestNet\TestBongoCodingTestNet.csproj", "{ED2EC131-A832-4E8B-ADF9-3F7055B219CB}"
EndProject
Global
	GlobalSection(SolutionConfigurationPlatforms) = preSolution
		Debug|Any CPU = Debug|Any CPU
		Release|Any CPU = Release|Any CPU
	EndGlobalSection
	GlobalSection(ProjectConfigurationPlatforms) = postSolution
		{ACC755B9-DBCA-4EB2-8CC2-06BFA5F0FFA5}.Debug|Any CPU.ActiveCfg = Debug|Any CPU
		{ACC755B9-DBCA-4EB2-8CC2-06BFA5F0FFA5}.Debug|Any CPU.Build.0 = Debug|Any CPU
		{ACC755B9-DBCA-4EB2-8CC2-06BFA5F0FFA5}.Release|Any CPU.ActiveCfg = Release|Any CPU
		{ACC755B9-DBCA-4EB2-8CC2-06BFA5F0FFA5}.Release|Any CPU.Build.0 = Release|Any CPU
		{ED2EC131-A832-4E8B-ADF9-3F7055B219CB}.Debug|Any CPU.ActiveCfg = Debug|Any CPU
		{ED2EC131-A832-4E8B-ADF9-3F7055B219CB}.Debug|Any CPU.Build.0 = Debug|Any CPU
		{ED2EC131-A832-4E8B-ADF9-3F7055B219CB}.Release|Any CPU.ActiveCfg = Release|Any CPU
		{ED2EC131-A832-4E8B-ADF9-3F7055B219CB}.Release|Any CPU.Build.0 = Release|Any CPU
	EndGlobalSection
	GlobalSection(SolutionProperties) = preSolution
		HideSolutionNode = FALSE
	EndGlobalSection
	GlobalSection(ExtensibilityGlobals) = postSolution
		SolutionGuid = {05C8CB41-D62B-4931-B7F3-AF88696F6EF2}
	EndGlobalSection
EndGlobal
